
Microsoft Visual Studio Solution File, Format Version 12.00
# Visual Studio 14
VisualStudioVersion = 14.0.25420.1
MinimumVisualStudioVersion = 10.0.40219.1
Project("{FAE04EC0-301F-11D3-BF4B-00C04F79EFBC}") = "Api", "PowerballApi\Api.csproj", "{7748E4F8-10CB-4ADE-B5CC-4E213911DBA6}"
EndProject
Project("{FAE04EC0-301F-11D3-BF4B-00C04F79EFBC}") = "UnitTests", "PowerballApi.Tests\UnitTests.csproj", "{4F45065D-9611-4F92-B8B4-20B28F68A765}"
EndProject
Global
	GlobalSection(SolutionConfigurationPlatforms) = preSolution
		Debug|Any CPU = Debug|Any CPU
		Release|Any CPU = Release|Any CPU
	EndGlobalSection
	GlobalSection(ProjectConfigurationPlatforms) = postSolution
		{7748E4F8-10CB-4ADE-B5CC-4E213911DBA6}.Debug|Any CPU.ActiveCfg = Debug|Any CPU
		{7748E4F8-10CB-4ADE-B5CC-4E213911DBA6}.Debug|Any CPU.Build.0 = Debug|Any CPU
		{7748E4F8-10CB-4ADE-B5CC-4E213911DBA6}.Release|Any CPU.ActiveCfg = Release|Any CPU
		{7748E4F8-10CB-4ADE-B5CC-4E213911DBA6}.Release|Any CPU.Build.0 = Release|Any CPU
		{4F45065D-9611-4F92-B8B4-20B28F68A765}.Debug|Any CPU.ActiveCfg = Debug|Any CPU
		{4F45065D-9611-4F92-B8B4-20B28F68A765}.Debug|Any CPU.Build.0 = Debug|Any CPU
		{4F45065D-9611-4F92-B8B4-20B28F68A765}.Release|Any CPU.ActiveCfg = Release|Any CPU
		{4F45065D-9611-4F92-B8B4-20B28F68A765}.Release|Any CPU.Build.0 = Release|Any CPU
	EndGlobalSection
	GlobalSection(SolutionProperties) = preSolution
		HideSolutionNode = FALSE
	EndGlobalSection
EndGlobal
